
Microsoft Visual Studio Solution File, Format Version 12.00
# Visual Studio Version 17
VisualStudioVersion = 17.6.33723.286
MinimumVisualStudioVersion = 10.0.40219.1
Project("{9A19103F-16F7-4668-BE54-9A1E7A4F7556}") = "ChatClient", "ChatAppPetProj\ChatClient.csproj", "{B97C6F26-070A-42AD-92F6-E4ACE8EF0C6E}"
EndProject
Project("{9A19103F-16F7-4668-BE54-9A1E7A4F7556}") = "ChatServer", "ChatServer\ChatServer.csproj", "{A052153D-72FD-4D66-BC2A-8525D26FFF88}"
EndProject
Project("{FAE04EC0-301F-11D3-BF4B-00C04F79EFBC}") = "Shared", "Shared\Shared.csproj", "{BFB44524-1161-4799-9934-18398E6DF747}"
EndProject
Global
	GlobalSection(SolutionConfigurationPlatforms) = preSolution
		Debug|Any CPU = Debug|Any CPU
		Release|Any CPU = Release|Any CPU
	EndGlobalSection
	GlobalSection(ProjectConfigurationPlatforms) = postSolution
		{B97C6F26-070A-42AD-92F6-E4ACE8EF0C6E}.Debug|Any CPU.ActiveCfg = Debug|Any CPU
		{B97C6F26-070A-42AD-92F6-E4ACE8EF0C6E}.Debug|Any CPU.Build.0 = Debug|Any CPU
		{B97C6F26-070A-42AD-92F6-E4ACE8EF0C6E}.Release|Any CPU.ActiveCfg = Release|Any CPU
		{B97C6F26-070A-42AD-92F6-E4ACE8EF0C6E}.Release|Any CPU.Build.0 = Release|Any CPU
		{A052153D-72FD-4D66-BC2A-8525D26FFF88}.Debug|Any CPU.ActiveCfg = Debug|Any CPU
		{A052153D-72FD-4D66-BC2A-8525D26FFF88}.Debug|Any CPU.Build.0 = Debug|Any CPU
		{A052153D-72FD-4D66-BC2A-8525D26FFF88}.Release|Any CPU.ActiveCfg = Release|Any CPU
		{A052153D-72FD-4D66-BC2A-8525D26FFF88}.Release|Any CPU.Build.0 = Release|Any CPU
		{BFB44524-1161-4799-9934-18398E6DF747}.Debug|Any CPU.ActiveCfg = Debug|Any CPU
		{BFB44524-1161-4799-9934-18398E6DF747}.Debug|Any CPU.Build.0 = Debug|Any CPU
		{BFB44524-1161-4799-9934-18398E6DF747}.Release|Any CPU.ActiveCfg = Release|Any CPU
		{BFB44524-1161-4799-9934-18398E6DF747}.Release|Any CPU.Build.0 = Release|Any CPU
	EndGlobalSection
	GlobalSection(SolutionProperties) = preSolution
		HideSolutionNode = FALSE
	EndGlobalSection
	GlobalSection(ExtensibilityGlobals) = postSolution
		SolutionGuid = {70744C7E-F78A-4A21-9748-FF5118213613}
	EndGlobalSection
EndGlobal
